
Microsoft Visual Studio Solution File, Format Version 12.00
# Visual Studio Version 17
VisualStudioVersion = 17.9.34701.34
MinimumVisualStudioVersion = 10.0.40219.1
Project("{FAE04EC0-301F-11D3-BF4B-00C04F79EFBC}") = "terrascript-dotnet", "terrascript-dotnet\terrascript-dotnet.csproj", "{637524D2-0496-4139-92CD-CEF2797C0011}"
EndProject
Project("{2150E333-8FDC-42A3-9474-1A3956D46DE8}") = "Elements", "Elements", "{A66CB9B9-8E46-430B-8380-7D4DC56E5D90}"
	ProjectSection(SolutionItems) = preProject
		appsettings.json = appsettings.json
		terrascript_log.py = terrascript_log.py
	EndProjectSection
EndProject
Global
	GlobalSection(SolutionConfigurationPlatforms) = preSolution
		Debug|Any CPU = Debug|Any CPU
		Release|Any CPU = Release|Any CPU
	EndGlobalSection
	GlobalSection(ProjectConfigurationPlatforms) = postSolution
		{637524D2-0496-4139-92CD-CEF2797C0011}.Debug|Any CPU.ActiveCfg = Debug|Any CPU
		{637524D2-0496-4139-92CD-CEF2797C0011}.Debug|Any CPU.Build.0 = Debug|Any CPU
		{637524D2-0496-4139-92CD-CEF2797C0011}.Release|Any CPU.ActiveCfg = Release|Any CPU
		{637524D2-0496-4139-92CD-CEF2797C0011}.Release|Any CPU.Build.0 = Release|Any CPU
	EndGlobalSection
	GlobalSection(SolutionProperties) = preSolution
		HideSolutionNode = FALSE
	EndGlobalSection
	GlobalSection(ExtensibilityGlobals) = postSolution
		SolutionGuid = {FEE8E800-7314-40E7-B38C-0919EAFB540B}
	EndGlobalSection
EndGlobal
